
Microsoft Visual Studio Solution File, Format Version 12.00
# Visual Studio 15
VisualStudioVersion = 15.0.28010.2019
MinimumVisualStudioVersion = 10.0.40219.1
Project("{8BC9CEB8-8B4A-11D0-8D11-00A0C91BC942}") = "DefLab1", "DefLab1\DefLab1.vcxproj", "{5A822B5A-B04A-4FB7-853F-04EF5EB2090C}"
EndProject
Global
	GlobalSection(SolutionConfigurationPlatforms) = preSolution
		Debug|x64 = Debug|x64
		Debug|x86 = Debug|x86
		Release|x64 = Release|x64
		Release|x86 = Release|x86
	EndGlobalSection
	GlobalSection(ProjectConfigurationPlatforms) = postSolution
		{5A822B5A-B04A-4FB7-853F-04EF5EB2090C}.Debug|x64.ActiveCfg = Debug|x64
		{5A822B5A-B04A-4FB7-853F-04EF5EB2090C}.Debug|x64.Build.0 = Debug|x64
		{5A822B5A-B04A-4FB7-853F-04EF5EB2090C}.Debug|x86.ActiveCfg = Debug|Win32
		{5A822B5A-B04A-4FB7-853F-04EF5EB2090C}.Debug|x86.Build.0 = Debug|Win32
		{5A822B5A-B04A-4FB7-853F-04EF5EB2090C}.Release|x64.ActiveCfg = Release|x64
		{5A822B5A-B04A-4FB7-853F-04EF5EB2090C}.Release|x64.Build.0 = Release|x64
		{5A822B5A-B04A-4FB7-853F-04EF5EB2090C}.Release|x86.ActiveCfg = Release|Win32
		{5A822B5A-B04A-4FB7-853F-04EF5EB2090C}.Release|x86.Build.0 = Release|Win32
	EndGlobalSection
	GlobalSection(SolutionProperties) = preSolution
		HideSolutionNode = FALSE
	EndGlobalSection
	GlobalSection(ExtensibilityGlobals) = postSolution
		SolutionGuid = {D911F42D-E3C8-417E-8B3A-2A938B9551DC}
	EndGlobalSection
EndGlobal
